// !$*UTF8*$!
{
	archiveVersion = 1;
	classes = {
	};
	objectVersion = 50;
	objects = {

/* Begin PBXBuildFile section */
		3F3EA24A293237A20077B84E /* AppDelegate.swift in Sources */ = {isa = PBXBuildFile; fileRef = 3F3EA249293237A20077B84E /* AppDelegate.swift */; };
		3F3EA24C293237A20077B84E /* SceneDelegate.swift in Sources */ = {isa = PBXBuildFile; fileRef = 3F3EA24B293237A20077B84E /* SceneDelegate.swift */; };
		3F3EA24E293237A20077B84E /* ViewController.swift in Sources */ = {isa = PBXBuildFile; fileRef = 3F3EA24D293237A20077B84E /* ViewController.swift */; };
		3F3EA251293237A20077B84E /* Main.storyboard in Resources */ = {isa = PBXBuildFile; fileRef = 3F3EA24F293237A20077B84E /* Main.storyboard */; };
		3F3EA253293237A30077B84E /* Assets.xcassets in Resources */ = {isa = PBXBuildFile; fileRef = 3F3EA252293237A30077B84E /* Assets.xcassets */; };
		3F3EA256293237A30077B84E /* LaunchScreen.storyboard in Resources */ = {isa = PBXBuildFile; fileRef = 3F3EA254293237A30077B84E /* LaunchScreen.storyboard */; };
		3F3EA25F29323A490077B84E /* CoreLocation.framework in Frameworks */ = {isa = PBXBuildFile; fileRef = 3F3EA25E29323A490077B84E /* CoreLocation.framework */; };
/* End PBXBuildFile section */

/* Begin PBXFileReference section */
		3F3EA246293237A20077B84E /* AulaMapaUFALManha.app */ = {isa = PBXFileReference; explicitFileType = wrapper.application; includeInIndex = 0; path = AulaMapaUFALManha.app; sourceTree = BUILT_PRODUCTS_DIR; };
		3F3EA249293237A20077B84E /* AppDelegate.swift */ = {isa = PBXFileReference; lastKnownFileType = sourcecode.swift; path = AppDelegate.swift; sourceTree = "<group>"; };
		3F3EA24B293237A20077B84E /* SceneDelegate.swift */ = {isa = PBXFileReference; lastKnownFileType = sourcecode.swift; path = SceneDelegate.swift; sourceTree = "<group>"; };
		3F3EA24D293237A20077B84E /* ViewController.swift */ = {isa = PBXFileReference; lastKnownFileType = sourcecode.swift; path = ViewController.swift; sourceTree = "<group>"; };
		3F3EA250293237A20077B84E /* Base */ = {isa = PBXFileReference; lastKnownFileType = file.storyboard; name = Base; path = Base.lproj/Main.storyboard; sourceTree = "<group>"; };
		3F3EA252293237A30077B84E /* Assets.xcassets */ = {isa = PBXFileReference; lastKnownFileType = folder.assetcatalog; path = Assets.xcassets; sourceTree = "<group>"; };
		3F3EA255293237A30077B84E /* Base */ = {isa = PBXFileReference; lastKnownFileType = file.storyboard; name = Base; path = Base.lproj/LaunchScreen.storyboard; sourceTree = "<group>"; };
		3F3EA257293237A30077B84E /* Info.plist */ = {isa = PBXFileReference; lastKnownFileType = text.plist.xml; path = Info.plist; sourceTree = "<group>"; };
		3F3EA25E29323A490077B84E /* CoreLocation.framework */ = {isa = PBXFileReference; lastKnownFileType = wrapper.framework; name = CoreLocation.framework; path = System/Library/Frameworks/CoreLocation.framework; sourceTree = SDKROOT; };
/* End PBXFileReference section */

/* Begin PBXFrameworksBuildPhase section */
		3F3EA243293237A20077B84E /* Frameworks */ = {
			isa = PBXFrameworksBuildPhase;
			buildActionMask = 2147483647;
			files = (
				3F3EA25F29323A490077B84E /* CoreLocation.framework in Frameworks */,
			);
			runOnlyForDeploymentPostprocessing = 0;
		};
/* End PBXFrameworksBuildPhase section */

/* Begin PBXGroup section */
		3F3EA23D293237A20077B84E = {
			isa = PBXGroup;
			children = (
				3F3EA248293237A20077B84E /* AulaMapaUFALManha */,
				3F3EA247293237A20077B84E /* Products */,
				3F3EA25D29323A490077B84E /* Frameworks */,
			);
			sourceTree = "<group>";
		};
		3F3EA247293237A20077B84E /* Products */ = {
			isa = PBXGroup;
			children = (
				3F3EA246293237A20077B84E /* AulaMapaUFALManha.app */,
			);
			name = Products;
			sourceTree = "<group>";
		};
		3F3EA248293237A20077B84E /* AulaMapaUFALManha */ = {
			isa = PBXGroup;
			children = (
				3F3EA249293237A20077B84E /* AppDelegate.swift */,
				3F3EA24B293237A20077B84E /* SceneDelegate.swift */,
				3F3EA24D293237A20077B84E /* ViewController.swift */,
				3F3EA24F293237A20077B84E /* Main.storyboard */,
				3F3EA252293237A30077B84E /* Assets.xcassets */,
				3F3EA254293237A30077B84E /* LaunchScreen.storyboard */,
				3F3EA257293237A30077B84E /* Info.plist */,
			);
			path = AulaMapaUFALManha;
			sourceTree = "<group>";
		};
		3F3EA25D29323A490077B84E /* Frameworks */ = {
			isa = PBXGroup;
			children = (
				3F3EA25E29323A490077B84E /* CoreLocation.framework */,
			);
			name = Frameworks;
			sourceTree = "<group>";
		};
/* End PBXGroup section */

/* Begin PBXNativeTarget section */
		3F3EA245293237A20077B84E /* AulaMapaUFALManha */ = {
			isa = PBXNativeTarget;
			buildConfigurationList = 3F3EA25A293237A30077B84E /* Build configuration list for PBXNativeTarget "AulaMapaUFALManha" */;
			buildPhases = (
				3F3EA242293237A20077B84E /* Sources */,
				3F3EA243293237A20077B84E /* Frameworks */,
				3F3EA244293237A20077B84E /* Resources */,
			);
			buildRules = (
			);
			dependencies = (
			);
			name = AulaMapaUFALManha;
			productName = AulaMapaUFALManha;
			productReference = 3F3EA246293237A20077B84E /* AulaMapaUFALManha.app */;
			productType = "com.apple.product-type.application";
		};
/* End PBXNativeTarget section */

/* Begin PBXProject section */
		3F3EA23E293237A20077B84E /* Project object */ = {
			isa = PBXProject;
			attributes = {
				LastSwiftUpdateCheck = 1120;
				LastUpgradeCheck = 1120;
				ORGANIZATIONNAME = VelorioSoft;
				TargetAttributes = {
					3F3EA245293237A20077B84E = {
						CreatedOnToolsVersion = 11.2.1;
					};
				};
			};
			buildConfigurationList = 3F3EA241293237A20077B84E /* Build configuration list for PBXProject "AulaMapaUFALManha" */;
			compatibilityVersion = "Xcode 9.3";
			developmentRegion = en;
			hasScannedForEncodings = 0;
			knownRegions = (
				en,
				Base,
			);
			mainGroup = 3F3EA23D293237A20077B84E;
			productRefGroup = 3F3EA247293237A20077B84E /* Products */;
			projectDirPath = "";
			projectRoot = "";
			targets = (
				3F3EA245293237A20077B84E /* AulaMapaUFALManha */,
			);
		};
/* End PBXProject section */

/* Begin PBXResourcesBuildPhase section */
		3F3EA244293237A20077B84E /* Resources */ = {
			isa = PBXResourcesBuildPhase;
			buildActionMask = 2147483647;
			files = (
				3F3EA256293237A30077B84E /* LaunchScreen.storyboard in Resources */,
				3F3EA253293237A30077B84E /* Assets.xcassets in Resources */,
				3F3EA251293237A20077B84E /* Main.storyboard in Resources */,
			);
			runOnlyForDeploymentPostprocessing = 0;
		};
/* End PBXResourcesBuildPhase section */

/* Begin PBXSourcesBuildPhase section */
		3F3EA242293237A20077B84E /* Sources */ = {
			isa = PBXSourcesBuildPhase;
			buildActionMask = 2147483647;
			files = (
				3F3EA24E293237A20077B84E /* ViewController.swift in Sources */,
				3F3EA24A293237A20077B84E /* AppDelegate.swift in Sources */,
				3F3EA24C293237A20077B84E /* SceneDelegate.swift in Sources */,
			);
			runOnlyForDeploymentPostprocessing = 0;
		};
/* End PBXSourcesBuildPhase section */

/* Begin PBXVariantGroup section */
		3F3EA24F293237A20077B84E /* Main.storyboard */ = {
			isa = PBXVariantGroup;
			children = (
				3F3EA250293237A20077B84E /* Base */,
			);
			name = Main.storyboard;
			sourceTree = "<group>";
		};
		3F3EA254293237A30077B84E /* LaunchScreen.storyboard */ = {
			isa = PBXVariantGroup;
			children = (
				3F3EA255293237A30077B84E /* Base */,
			);
			name = LaunchScreen.storyboard;
			sourceTree = "<group>";
		};
/* End PBXVariantGroup section */

/* Begin XCBuildConfiguration section */
		3F3EA258293237A30077B84E /* Debug */ = {
			isa = XCBuildConfiguration;
			buildSettings = {
				ALWAYS_SEARCH_USER_PATHS = NO;
				CLANG_ANALYZER_NONNULL = YES;
				CLANG_ANALYZER_NUMBER_OBJECT_CONVERSION = YES_AGGRESSIVE;
				CLANG_CXX_LANGUAGE_STANDARD = "gnu++14";
				CLANG_CXX_LIBRARY = "libc++";
				CLANG_ENABLE_MODULES = YES;
				CLANG_ENABLE_OBJC_ARC = YES;
				CLANG_ENABLE_OBJC_WEAK = YES;
				CLANG_WARN_BLOCK_CAPTURE_AUTORELEASING = YES;
				CLANG_WARN_BOOL_CONVERSION = YES;
				CLANG_WARN_COMMA = YES;
				CLANG_WARN_CONSTANT_CONVERSION = YES;
				CLANG_WARN_DEPRECATED_OBJC_IMPLEMENTATIONS = YES;
				CLANG_WARN_DIRECT_OBJC_ISA_USAGE = YES_ERROR;
				CLANG_WARN_DOCUMENTATION_COMMENTS = YES;
				CLANG_WARN_EMPTY_BODY = YES;
				CLANG_WARN_ENUM_CONVERSION = YES;
				CLANG_WARN_INFINITE_RECURSION = YES;
				CLANG_WARN_INT_CONVERSION = YES;
				CLANG_WARN_NON_LITERAL_NULL_CONVERSION = YES;
				CLANG_WARN_OBJC_IMPLICIT_RETAIN_SELF = YES;
				CLANG_WARN_OBJC_LITERAL_CONVERSION = YES;
				CLANG_WARN_OBJC_ROOT_CLASS = YES_ERROR;
				CLANG_WARN_RANGE_LOOP_ANALYSIS = YES;
				CLANG_WARN_STRICT_PROTOTYPES = YES;
				CLANG_WARN_SUSPICIOUS_MOVE = YES;
				CLANG_WARN_UNGUARDED_AVAILABILITY = YES_AGGRESSIVE;
				CLANG_WARN_UNREACHABLE_CODE = YES;
				CLANG_WARN__DUPLICATE_METHOD_MATCH = YES;
				COPY_PHASE_STRIP = NO;
				DEBUG_INFORMATION_FORMAT = dwarf;
				ENABLE_STRICT_OBJC_MSGSEND = YES;
				ENABLE_TESTABILITY = YES;
				GCC_C_LANGUAGE_STANDARD = gnu11;
				GCC_DYNAMIC_NO_PIC = NO;
				GCC_NO_COMMON_BLOCKS = YES;
				GCC_OPTIMIZATION_LEVEL = 0;
				GCC_PREPROCESSOR_DEFINITIONS = (
					"DEBUG=1",
					"$(inherited)",
				);
				GCC_WARN_64_TO_32_BIT_CONVERSION = YES;
				GCC_WARN_ABOUT_RETURN_TYPE = YES_ERROR;
				GCC_WARN_UNDECLARED_SELECTOR = YES;
				GCC_WARN_UNINITIALIZED_AUTOS = YES_AGGRESSIVE;
				GCC_WARN_UNUSED_FUNCTION = YES;
				GCC_WARN_UNUSED_VARIABLE = YES;
				IPHONEOS_DEPLOYMENT_TARGET = 13.2;
				MTL_ENABLE_DEBUG_INFO = INCLUDE_SOURCE;
				MTL_FAST_MATH = YES;
				ONLY_ACTIVE_ARCH = YES;
				SDKROOT = iphoneos;
				SWIFT_ACTIVE_COMPILATION_CONDITIONS = DEBUG;
				SWIFT_OPTIMIZATION_LEVEL = "-Onone";
			};
			name = Debug;
		};
		3F3EA259293237A30077B84E /* Release */ = {
			isa = XCBuildConfiguration;
			buildSettings = {
				ALWAYS_SEARCH_USER_PATHS = NO;
				CLANG_ANALYZER_NONNULL = YES;
				CLANG_ANALYZER_NUMBER_OBJECT_CONVERSION = YES_AGGRESSIVE;
				CLANG_CXX_LANGUAGE_STANDARD = "gnu++14";
				CLANG_CXX_LIBRARY = "libc++";
				CLANG_ENABLE_MODULES = YES;
				CLANG_ENABLE_OBJC_ARC = YES;
				CLANG_ENABLE_OBJC_WEAK = YES;
				CLANG_WARN_BLOCK_CAPTURE_AUTORELEASING = YES;
				CLANG_WARN_BOOL_CONVERSION = YES;
				CLANG_WARN_COMMA = YES;
				CLANG_WARN_CONSTANT_CONVERSION = YES;
				CLANG_WARN_DEPRECATED_OBJC_IMPLEMENTATIONS = YES;
				CLANG_WARN_DIRECT_OBJC_ISA_USAGE = YES_ERROR;
				CLANG_WARN_DOCUMENTATION_COMMENTS = YES;
				CLANG_WARN_EMPTY_BODY = YES;
				CLANG_WARN_ENUM_CONVERSION = YES;
				CLANG_WARN_INFINITE_RECURSION = YES;
				CLANG_WARN_INT_CONVERSION = YES;
				CLANG_WARN_NON_LITERAL_NULL_CONVERSION = YES;
				CLANG_WARN_OBJC_IMPLICIT_RETAIN_SELF = YES;
				CLANG_WARN_OBJC_LITERAL_CONVERSION = YES;
				CLANG_WARN_OBJC_ROOT_CLASS = YES_ERROR;
				CLANG_WARN_RANGE_LOOP_ANALYSIS = YES;
				CLANG_WARN_STRICT_PROTOTYPES = YES;
				CLANG_WARN_SUSPICIOUS_MOVE = YES;
				CLANG_WARN_UNGUARDED_AVAILABILITY = YES_AGGRESSIVE;
				CLANG_WARN_UNREACHABLE_CODE = YES;
				CLANG_WARN__DUPLICATE_METHOD_MATCH = YES;
				COPY_PHASE_STRIP = NO;
				DEBUG_INFORMATION_FORMAT = "dwarf-with-dsym";
				ENABLE_NS_ASSERTIONS = NO;
				ENABLE_STRICT_OBJC_MSGSEND = YES;
				GCC_C_LANGUAGE_STANDARD = gnu11;
				GCC_NO_COMMON_BLOCKS = YES;
				GCC_WARN_64_TO_32_BIT_CONVERSION = YES;
				GCC_WARN_ABOUT_RETURN_TYPE = YES_ERROR;
				GCC_WARN_UNDECLARED_SELECTOR = YES;
				GCC_WARN_UNINITIALIZED_AUTOS = YES_AGGRESSIVE;
				GCC_WARN_UNUSED_FUNCTION = YES;
				GCC_WARN_UNUSED_VARIABLE = YES;
				IPHONEOS_DEPLOYMENT_TARGET = 13.2;
				MTL_ENABLE_DEBUG_INFO = NO;
				MTL_FAST_MATH = YES;
				SDKROOT = iphoneos;
				SWIFT_COMPILATION_MODE = wholemodule;
				SWIFT_OPTIMIZATION_LEVEL = "-O";
				VALIDATE_PRODUCT = YES;
			};
			name = Release;
		};
		3F3EA25B293237A30077B84E /* Debug */ = {
			isa = XCBuildConfiguration;
			buildSettings = {
				ASSETCATALOG_COMPILER_APPICON_NAME = AppIcon;
				CODE_SIGN_STYLE = Automatic;
				INFOPLIST_FILE = AulaMapaUFALManha/Info.plist;
				LD_RUNPATH_SEARCH_PATHS = (
					"$(inherited)",
					"@executable_path/Frameworks",
				);
				PRODUCT_BUNDLE_IDENTIFIER = veloriosoft.AulaMapaUFALManha;
				PRODUCT_NAME = "$(TARGET_NAME)";
				SWIFT_VERSION = 5.0;
				TARGETED_DEVICE_FAMILY = "1,2";
			};
			name = Debug;
		};
		3F3EA25C293237A30077B84E /* Release */ = {
			isa = XCBuildConfiguration;
			buildSettings = {
				ASSETCATALOG_COMPILER_APPICON_NAME = AppIcon;
				CODE_SIGN_STYLE = Automatic;
				INFOPLIST_FILE = AulaMapaUFALManha/Info.plist;
				LD_RUNPATH_SEARCH_PATHS = (
					"$(inherited)",
					"@executable_path/Frameworks",
				);
				PRODUCT_BUNDLE_IDENTIFIER = veloriosoft.AulaMapaUFALManha;
				PRODUCT_NAME = "$(TARGET_NAME)";
				SWIFT_VERSION = 5.0;
				TARGETED_DEVICE_FAMILY = "1,2";
			};
			name = Release;
		};
/* End XCBuildConfiguration section */

/* Begin XCConfigurationList section */
		3F3EA241293237A20077B84E /* Build configuration list for PBXProject "AulaMapaUFALManha" */ = {
			isa = XCConfigurationList;
			buildConfigurations = (
				3F3EA258293237A30077B84E /* Debug */,
				3F3EA259293237A30077B84E /* Release */,
			);
			defaultConfigurationIsVisible = 0;
			defaultConfigurationName = Release;
		};
		3F3EA25A293237A30077B84E /* Build configuration list for PBXNativeTarget "AulaMapaUFALManha" */ = {
			isa = XCConfigurationList;
			buildConfigurations = (
				3F3EA25B293237A30077B84E /* Debug */,
				3F3EA25C293237A30077B84E /* Release */,
			);
			defaultConfigurationIsVisible = 0;
			defaultConfigurationName = Release;
		};
/* End XCConfigurationList section */
	};
	rootObject = 3F3EA23E293237A20077B84E /* Project object */;
}
